
Microsoft Visual Studio Solution File, Format Version 12.00
# Visual Studio Version 17
VisualStudioVersion = 17.4.33205.214
MinimumVisualStudioVersion = 10.0.40219.1
Project("{FAE04EC0-301F-11D3-BF4B-00C04F79EFBC}") = "Homework", "Homework\Homework.csproj", "{96A386EF-E013-4596-8AA7-8B5E3F301555}"
EndProject
Project("{FAE04EC0-301F-11D3-BF4B-00C04F79EFBC}") = "Lesson1", "Lesson1\Lesson1.csproj", "{3EB7069A-54C1-4583-ADE1-F497DA3E55A7}"
EndProject
Project("{FAE04EC0-301F-11D3-BF4B-00C04F79EFBC}") = "PracticeApp", "PracticeApp\PracticeApp.csproj", "{70978FAA-537F-45BB-B9A3-AF0E88392480}"
EndProject
Global
	GlobalSection(SolutionConfigurationPlatforms) = preSolution
		Debug|Any CPU = Debug|Any CPU
		Release|Any CPU = Release|Any CPU
	EndGlobalSection
	GlobalSection(ProjectConfigurationPlatforms) = postSolution
		{96A386EF-E013-4596-8AA7-8B5E3F301555}.Debug|Any CPU.ActiveCfg = Debug|Any CPU
		{96A386EF-E013-4596-8AA7-8B5E3F301555}.Debug|Any CPU.Build.0 = Debug|Any CPU
		{96A386EF-E013-4596-8AA7-8B5E3F301555}.Release|Any CPU.ActiveCfg = Release|Any CPU
		{96A386EF-E013-4596-8AA7-8B5E3F301555}.Release|Any CPU.Build.0 = Release|Any CPU
		{3EB7069A-54C1-4583-ADE1-F497DA3E55A7}.Debug|Any CPU.ActiveCfg = Debug|Any CPU
		{3EB7069A-54C1-4583-ADE1-F497DA3E55A7}.Debug|Any CPU.Build.0 = Debug|Any CPU
		{3EB7069A-54C1-4583-ADE1-F497DA3E55A7}.Release|Any CPU.ActiveCfg = Release|Any CPU
		{3EB7069A-54C1-4583-ADE1-F497DA3E55A7}.Release|Any CPU.Build.0 = Release|Any CPU
		{70978FAA-537F-45BB-B9A3-AF0E88392480}.Debug|Any CPU.ActiveCfg = Debug|Any CPU
		{70978FAA-537F-45BB-B9A3-AF0E88392480}.Debug|Any CPU.Build.0 = Debug|Any CPU
		{70978FAA-537F-45BB-B9A3-AF0E88392480}.Release|Any CPU.ActiveCfg = Release|Any CPU
		{70978FAA-537F-45BB-B9A3-AF0E88392480}.Release|Any CPU.Build.0 = Release|Any CPU
	EndGlobalSection
	GlobalSection(SolutionProperties) = preSolution
		HideSolutionNode = FALSE
	EndGlobalSection
	GlobalSection(ExtensibilityGlobals) = postSolution
		SolutionGuid = {8729D813-F873-488C-992F-62B81A1A4C0B}
	EndGlobalSection
EndGlobal
